
Microsoft Visual Studio Solution File, Format Version 12.00
# Visual Studio 15
VisualStudioVersion = 15.0.26730.12
MinimumVisualStudioVersion = 10.0.40219.1
Project("{FAE04EC0-301F-11D3-BF4B-00C04F79EFBC}") = "csharp", "csharp.csproj", "{176C0214-9136-4079-8DAB-11D7420C3881}"
EndProject
Project("{FAE04EC0-301F-11D3-BF4B-00C04F79EFBC}") = "GildedRose.Tests", "..\GildedRose.Tests\GildedRose.Tests.csproj", "{5613BEA4-54A5-4163-9B12-5B0A95D5670B}"
EndProject
Global
	GlobalSection(SolutionConfigurationPlatforms) = preSolution
		Debug|Any CPU = Debug|Any CPU
		Release|Any CPU = Release|Any CPU
	EndGlobalSection
	GlobalSection(ProjectConfigurationPlatforms) = postSolution
		{176C0214-9136-4079-8DAB-11D7420C3881}.Debug|Any CPU.ActiveCfg = Debug|Any CPU
		{176C0214-9136-4079-8DAB-11D7420C3881}.Debug|Any CPU.Build.0 = Debug|Any CPU
		{176C0214-9136-4079-8DAB-11D7420C3881}.Release|Any CPU.ActiveCfg = Release|Any CPU
		{176C0214-9136-4079-8DAB-11D7420C3881}.Release|Any CPU.Build.0 = Release|Any CPU
		{5613BEA4-54A5-4163-9B12-5B0A95D5670B}.Debug|Any CPU.ActiveCfg = Debug|Any CPU
		{5613BEA4-54A5-4163-9B12-5B0A95D5670B}.Debug|Any CPU.Build.0 = Debug|Any CPU
		{5613BEA4-54A5-4163-9B12-5B0A95D5670B}.Release|Any CPU.ActiveCfg = Release|Any CPU
		{5613BEA4-54A5-4163-9B12-5B0A95D5670B}.Release|Any CPU.Build.0 = Release|Any CPU
	EndGlobalSection
	GlobalSection(SolutionProperties) = preSolution
		HideSolutionNode = FALSE
	EndGlobalSection
	GlobalSection(ExtensibilityGlobals) = postSolution
		SolutionGuid = {7CA73948-F67D-4C8A-9845-D9AD8D8CAF95}
	EndGlobalSection
EndGlobal
